// !$*UTF8*$!
{
	archiveVersion = 1;
	classes = {
	};
	objectVersion = 56;
	objects = {

/* Begin PBXBuildFile section */
		60FBA50729E3E5920089B4E0 /* AppDelegate.swift in Sources */ = {isa = PBXBuildFile; fileRef = 60FBA50629E3E5920089B4E0 /* AppDelegate.swift */; };
		60FBA50929E3E5920089B4E0 /* SceneDelegate.swift in Sources */ = {isa = PBXBuildFile; fileRef = 60FBA50829E3E5920089B4E0 /* SceneDelegate.swift */; };
		60FBA50E29E3E5920089B4E0 /* Main.storyboard in Resources */ = {isa = PBXBuildFile; fileRef = 60FBA50C29E3E5920089B4E0 /* Main.storyboard */; };
		60FBA51129E3E5920089B4E0 /* LeanInsight.xcdatamodeld in Sources */ = {isa = PBXBuildFile; fileRef = 60FBA50F29E3E5920089B4E0 /* LeanInsight.xcdatamodeld */; };
		60FBA51329E3E5920089B4E0 /* Assets.xcassets in Resources */ = {isa = PBXBuildFile; fileRef = 60FBA51229E3E5920089B4E0 /* Assets.xcassets */; };
		60FBA51629E3E5920089B4E0 /* LaunchScreen.storyboard in Resources */ = {isa = PBXBuildFile; fileRef = 60FBA51429E3E5920089B4E0 /* LaunchScreen.storyboard */; };
		60FBA52129E3E5920089B4E0 /* LeanInsightTests.swift in Sources */ = {isa = PBXBuildFile; fileRef = 60FBA52029E3E5920089B4E0 /* LeanInsightTests.swift */; };
		60FBA52B29E3E5920089B4E0 /* LeanInsightUITests.swift in Sources */ = {isa = PBXBuildFile; fileRef = 60FBA52A29E3E5920089B4E0 /* LeanInsightUITests.swift */; };
		60FBA52D29E3E5920089B4E0 /* LeanInsightUITestsLaunchTests.swift in Sources */ = {isa = PBXBuildFile; fileRef = 60FBA52C29E3E5920089B4E0 /* LeanInsightUITestsLaunchTests.swift */; };
		60FBA54329E3E7730089B4E0 /* Charts in Frameworks */ = {isa = PBXBuildFile; productRef = 60FBA54229E3E7730089B4E0 /* Charts */; };
		60FBA54829E3E9E40089B4E0 /* WeekViewController.swift in Sources */ = {isa = PBXBuildFile; fileRef = 60FBA54729E3E9E40089B4E0 /* WeekViewController.swift */; };
		60FBA54A29E3EA250089B4E0 /* QuizViewController.swift in Sources */ = {isa = PBXBuildFile; fileRef = 60FBA54929E3EA250089B4E0 /* QuizViewController.swift */; };
		60FBA54C29E3EB650089B4E0 /* SettingPopupViewController.swift in Sources */ = {isa = PBXBuildFile; fileRef = 60FBA54B29E3EB650089B4E0 /* SettingPopupViewController.swift */; };
		60FBA54E29E3EB8F0089B4E0 /* SettingsTableViewController.swift in Sources */ = {isa = PBXBuildFile; fileRef = 60FBA54D29E3EB8F0089B4E0 /* SettingsTableViewController.swift */; };
		60FBA55029E3EBBB0089B4E0 /* WeightViewController.swift in Sources */ = {isa = PBXBuildFile; fileRef = 60FBA54F29E3EBBB0089B4E0 /* WeightViewController.swift */; };
		60FBA55229E3EBDA0089B4E0 /* CaliperCalculatorViewController.swift in Sources */ = {isa = PBXBuildFile; fileRef = 60FBA55129E3EBDA0089B4E0 /* CaliperCalculatorViewController.swift */; };
		60FBA55429E3EBFF0089B4E0 /* TapeCalculatorViewController.swift in Sources */ = {isa = PBXBuildFile; fileRef = 60FBA55329E3EBFF0089B4E0 /* TapeCalculatorViewController.swift */; };
		60FBA55629E3EC340089B4E0 /* ResultViewController.swift in Sources */ = {isa = PBXBuildFile; fileRef = 60FBA55529E3EC340089B4E0 /* ResultViewController.swift */; };
		60FBA55829E3EC570089B4E0 /* GraphViewController.swift in Sources */ = {isa = PBXBuildFile; fileRef = 60FBA55729E3EC570089B4E0 /* GraphViewController.swift */; };
		60FBA55A29E3EC7B0089B4E0 /* MainViewController.swift in Sources */ = {isa = PBXBuildFile; fileRef = 60FBA55929E3EC7B0089B4E0 /* MainViewController.swift */; };
		60FBA55C29E3ECA90089B4E0 /* Model.swift in Sources */ = {isa = PBXBuildFile; fileRef = 60FBA55B29E3ECA90089B4E0 /* Model.swift */; };
		60FBA55E29E3ECBE0089B4E0 /* TapeCalcModel.swift in Sources */ = {isa = PBXBuildFile; fileRef = 60FBA55D29E3ECBE0089B4E0 /* TapeCalcModel.swift */; };
		60FBA56029E3ECD60089B4E0 /* CaliperCalcModel.swift in Sources */ = {isa = PBXBuildFile; fileRef = 60FBA55F29E3ECD60089B4E0 /* CaliperCalcModel.swift */; };
		60FBA56229E3ECF20089B4E0 /* InfoModel.swift in Sources */ = {isa = PBXBuildFile; fileRef = 60FBA56129E3ECF20089B4E0 /* InfoModel.swift */; };
		60FBA56429E3ED2C0089B4E0 /* WeeklyWeightViewModel.swift in Sources */ = {isa = PBXBuildFile; fileRef = 60FBA56329E3ED2C0089B4E0 /* WeeklyWeightViewModel.swift */; };
		60FBA56629E3ED4A0089B4E0 /* QuizViewModel.swift in Sources */ = {isa = PBXBuildFile; fileRef = 60FBA56529E3ED4A0089B4E0 /* QuizViewModel.swift */; };
		60FBA56829E3ED730089B4E0 /* SettingsViewModel.swift in Sources */ = {isa = PBXBuildFile; fileRef = 60FBA56729E3ED730089B4E0 /* SettingsViewModel.swift */; };
		60FBA56A29E3ED8E0089B4E0 /* StorageViewModel.swift in Sources */ = {isa = PBXBuildFile; fileRef = 60FBA56929E3ED8E0089B4E0 /* StorageViewModel.swift */; };
		60FBA56C29E3EDA80089B4E0 /* CoreDataViewModel.swift in Sources */ = {isa = PBXBuildFile; fileRef = 60FBA56B29E3EDA80089B4E0 /* CoreDataViewModel.swift */; };
		60FBA56E29E3EDC40089B4E0 /* CalculatorViewModel.swift in Sources */ = {isa = PBXBuildFile; fileRef = 60FBA56D29E3EDC40089B4E0 /* CalculatorViewModel.swift */; };
		60FBA57029E3EDEC0089B4E0 /* GraphViewModel.swift in Sources */ = {isa = PBXBuildFile; fileRef = 60FBA56F29E3EDEC0089B4E0 /* GraphViewModel.swift */; };
/* End PBXBuildFile section */

/* Begin PBXContainerItemProxy section */
		60FBA51D29E3E5920089B4E0 /* PBXContainerItemProxy */ = {
			isa = PBXContainerItemProxy;
			containerPortal = 60FBA4FB29E3E5920089B4E0 /* Project object */;
			proxyType = 1;
			remoteGlobalIDString = 60FBA50229E3E5920089B4E0;
			remoteInfo = LeanInsight;
		};
		60FBA52729E3E5920089B4E0 /* PBXContainerItemProxy */ = {
			isa = PBXContainerItemProxy;
			containerPortal = 60FBA4FB29E3E5920089B4E0 /* Project object */;
			proxyType = 1;
			remoteGlobalIDString = 60FBA50229E3E5920089B4E0;
			remoteInfo = LeanInsight;
		};
/* End PBXContainerItemProxy section */

/* Begin PBXFileReference section */
		60FBA50329E3E5920089B4E0 /* LeanInsight.app */ = {isa = PBXFileReference; explicitFileType = wrapper.application; includeInIndex = 0; path = LeanInsight.app; sourceTree = BUILT_PRODUCTS_DIR; };
		60FBA50629E3E5920089B4E0 /* AppDelegate.swift */ = {isa = PBXFileReference; lastKnownFileType = sourcecode.swift; path = AppDelegate.swift; sourceTree = "<group>"; };
		60FBA50829E3E5920089B4E0 /* SceneDelegate.swift */ = {isa = PBXFileReference; lastKnownFileType = sourcecode.swift; path = SceneDelegate.swift; sourceTree = "<group>"; };
		60FBA50D29E3E5920089B4E0 /* Base */ = {isa = PBXFileReference; lastKnownFileType = file.storyboard; name = Base; path = Base.lproj/Main.storyboard; sourceTree = "<group>"; };
		60FBA51029E3E5920089B4E0 /* LeanInsight.xcdatamodel */ = {isa = PBXFileReference; lastKnownFileType = wrapper.xcdatamodel; path = LeanInsight.xcdatamodel; sourceTree = "<group>"; };
		60FBA51229E3E5920089B4E0 /* Assets.xcassets */ = {isa = PBXFileReference; lastKnownFileType = folder.assetcatalog; path = Assets.xcassets; sourceTree = "<group>"; };
		60FBA51529E3E5920089B4E0 /* Base */ = {isa = PBXFileReference; lastKnownFileType = file.storyboard; name = Base; path = Base.lproj/LaunchScreen.storyboard; sourceTree = "<group>"; };
		60FBA51729E3E5920089B4E0 /* Info.plist */ = {isa = PBXFileReference; lastKnownFileType = text.plist.xml; path = Info.plist; sourceTree = "<group>"; };
		60FBA51C29E3E5920089B4E0 /* LeanInsightTests.xctest */ = {isa = PBXFileReference; explicitFileType = wrapper.cfbundle; includeInIndex = 0; path = LeanInsightTests.xctest; sourceTree = BUILT_PRODUCTS_DIR; };
		60FBA52029E3E5920089B4E0 /* LeanInsightTests.swift */ = {isa = PBXFileReference; lastKnownFileType = sourcecode.swift; path = LeanInsightTests.swift; sourceTree = "<group>"; };
		60FBA52629E3E5920089B4E0 /* LeanInsightUITests.xctest */ = {isa = PBXFileReference; explicitFileType = wrapper.cfbundle; includeInIndex = 0; path = LeanInsightUITests.xctest; sourceTree = BUILT_PRODUCTS_DIR; };
		60FBA52A29E3E5920089B4E0 /* LeanInsightUITests.swift */ = {isa = PBXFileReference; lastKnownFileType = sourcecode.swift; path = LeanInsightUITests.swift; sourceTree = "<group>"; };
		60FBA52C29E3E5920089B4E0 /* LeanInsightUITestsLaunchTests.swift */ = {isa = PBXFileReference; lastKnownFileType = sourcecode.swift; path = LeanInsightUITestsLaunchTests.swift; sourceTree = "<group>"; };
		60FBA54729E3E9E40089B4E0 /* WeekViewController.swift */ = {isa = PBXFileReference; lastKnownFileType = sourcecode.swift; path = WeekViewController.swift; sourceTree = "<group>"; };
		60FBA54929E3EA250089B4E0 /* QuizViewController.swift */ = {isa = PBXFileReference; lastKnownFileType = sourcecode.swift; path = QuizViewController.swift; sourceTree = "<group>"; };
		60FBA54B29E3EB650089B4E0 /* SettingPopupViewController.swift */ = {isa = PBXFileReference; lastKnownFileType = sourcecode.swift; path = SettingPopupViewController.swift; sourceTree = "<group>"; };
		60FBA54D29E3EB8F0089B4E0 /* SettingsTableViewController.swift */ = {isa = PBXFileReference; lastKnownFileType = sourcecode.swift; path = SettingsTableViewController.swift; sourceTree = "<group>"; };
		60FBA54F29E3EBBB0089B4E0 /* WeightViewController.swift */ = {isa = PBXFileReference; lastKnownFileType = sourcecode.swift; path = WeightViewController.swift; sourceTree = "<group>"; };
		60FBA55129E3EBDA0089B4E0 /* CaliperCalculatorViewController.swift */ = {isa = PBXFileReference; lastKnownFileType = sourcecode.swift; path = CaliperCalculatorViewController.swift; sourceTree = "<group>"; };
		60FBA55329E3EBFF0089B4E0 /* TapeCalculatorViewController.swift */ = {isa = PBXFileReference; lastKnownFileType = sourcecode.swift; path = TapeCalculatorViewController.swift; sourceTree = "<group>"; };
		60FBA55529E3EC340089B4E0 /* ResultViewController.swift */ = {isa = PBXFileReference; lastKnownFileType = sourcecode.swift; path = ResultViewController.swift; sourceTree = "<group>"; };
		60FBA55729E3EC570089B4E0 /* GraphViewController.swift */ = {isa = PBXFileReference; lastKnownFileType = sourcecode.swift; path = GraphViewController.swift; sourceTree = "<group>"; };
		60FBA55929E3EC7B0089B4E0 /* MainViewController.swift */ = {isa = PBXFileReference; lastKnownFileType = sourcecode.swift; path = MainViewController.swift; sourceTree = "<group>"; };
		60FBA55B29E3ECA90089B4E0 /* Model.swift */ = {isa = PBXFileReference; lastKnownFileType = sourcecode.swift; path = Model.swift; sourceTree = "<group>"; };
		60FBA55D29E3ECBE0089B4E0 /* TapeCalcModel.swift */ = {isa = PBXFileReference; lastKnownFileType = sourcecode.swift; path = TapeCalcModel.swift; sourceTree = "<group>"; };
		60FBA55F29E3ECD60089B4E0 /* CaliperCalcModel.swift */ = {isa = PBXFileReference; lastKnownFileType = sourcecode.swift; path = CaliperCalcModel.swift; sourceTree = "<group>"; };
		60FBA56129E3ECF20089B4E0 /* InfoModel.swift */ = {isa = PBXFileReference; lastKnownFileType = sourcecode.swift; path = InfoModel.swift; sourceTree = "<group>"; };
		60FBA56329E3ED2C0089B4E0 /* WeeklyWeightViewModel.swift */ = {isa = PBXFileReference; lastKnownFileType = sourcecode.swift; path = WeeklyWeightViewModel.swift; sourceTree = "<group>"; };
		60FBA56529E3ED4A0089B4E0 /* QuizViewModel.swift */ = {isa = PBXFileReference; lastKnownFileType = sourcecode.swift; path = QuizViewModel.swift; sourceTree = "<group>"; };
		60FBA56729E3ED730089B4E0 /* SettingsViewModel.swift */ = {isa = PBXFileReference; lastKnownFileType = sourcecode.swift; path = SettingsViewModel.swift; sourceTree = "<group>"; };
		60FBA56929E3ED8E0089B4E0 /* StorageViewModel.swift */ = {isa = PBXFileReference; lastKnownFileType = sourcecode.swift; path = StorageViewModel.swift; sourceTree = "<group>"; };
		60FBA56B29E3EDA80089B4E0 /* CoreDataViewModel.swift */ = {isa = PBXFileReference; lastKnownFileType = sourcecode.swift; path = CoreDataViewModel.swift; sourceTree = "<group>"; };
		60FBA56D29E3EDC40089B4E0 /* CalculatorViewModel.swift */ = {isa = PBXFileReference; lastKnownFileType = sourcecode.swift; path = CalculatorViewModel.swift; sourceTree = "<group>"; };
		60FBA56F29E3EDEC0089B4E0 /* GraphViewModel.swift */ = {isa = PBXFileReference; lastKnownFileType = sourcecode.swift; path = GraphViewModel.swift; sourceTree = "<group>"; };
/* End PBXFileReference section */

/* Begin PBXFrameworksBuildPhase section */
		60FBA50029E3E5920089B4E0 /* Frameworks */ = {
			isa = PBXFrameworksBuildPhase;
			buildActionMask = 2147483647;
			files = (
				60FBA54329E3E7730089B4E0 /* Charts in Frameworks */,
			);
			runOnlyForDeploymentPostprocessing = 0;
		};
		60FBA51929E3E5920089B4E0 /* Frameworks */ = {
			isa = PBXFrameworksBuildPhase;
			buildActionMask = 2147483647;
			files = (
			);
			runOnlyForDeploymentPostprocessing = 0;
		};
		60FBA52329E3E5920089B4E0 /* Frameworks */ = {
			isa = PBXFrameworksBuildPhase;
			buildActionMask = 2147483647;
			files = (
			);
			runOnlyForDeploymentPostprocessing = 0;
		};
/* End PBXFrameworksBuildPhase section */

/* Begin PBXGroup section */
		60FBA4FA29E3E5920089B4E0 = {
			isa = PBXGroup;
			children = (
				60FBA50529E3E5920089B4E0 /* LeanInsight */,
				60FBA51F29E3E5920089B4E0 /* LeanInsightTests */,
				60FBA52929E3E5920089B4E0 /* LeanInsightUITests */,
				60FBA50429E3E5920089B4E0 /* Products */,
			);
			sourceTree = "<group>";
		};
		60FBA50429E3E5920089B4E0 /* Products */ = {
			isa = PBXGroup;
			children = (
				60FBA50329E3E5920089B4E0 /* LeanInsight.app */,
				60FBA51C29E3E5920089B4E0 /* LeanInsightTests.xctest */,
				60FBA52629E3E5920089B4E0 /* LeanInsightUITests.xctest */,
			);
			name = Products;
			sourceTree = "<group>";
		};
		60FBA50529E3E5920089B4E0 /* LeanInsight */ = {
			isa = PBXGroup;
			children = (
				60FBA50629E3E5920089B4E0 /* AppDelegate.swift */,
				60FBA50829E3E5920089B4E0 /* SceneDelegate.swift */,
				60FBA54429E3E9980089B4E0 /* Model */,
				60FBA54529E3E9A30089B4E0 /* View */,
				60FBA54629E3E9A90089B4E0 /* ViewModel */,
				60FBA51729E3E5920089B4E0 /* Info.plist */,
				60FBA51229E3E5920089B4E0 /* Assets.xcassets */,
				60FBA50F29E3E5920089B4E0 /* LeanInsight.xcdatamodeld */,
			);
			path = LeanInsight;
			sourceTree = "<group>";
		};
		60FBA51F29E3E5920089B4E0 /* LeanInsightTests */ = {
			isa = PBXGroup;
			children = (
				60FBA52029E3E5920089B4E0 /* LeanInsightTests.swift */,
			);
			path = LeanInsightTests;
			sourceTree = "<group>";
		};
		60FBA52929E3E5920089B4E0 /* LeanInsightUITests */ = {
			isa = PBXGroup;
			children = (
				60FBA52A29E3E5920089B4E0 /* LeanInsightUITests.swift */,
				60FBA52C29E3E5920089B4E0 /* LeanInsightUITestsLaunchTests.swift */,
			);
			path = LeanInsightUITests;
			sourceTree = "<group>";
		};
		60FBA54429E3E9980089B4E0 /* Model */ = {
			isa = PBXGroup;
			children = (
				60FBA55B29E3ECA90089B4E0 /* Model.swift */,
				60FBA55D29E3ECBE0089B4E0 /* TapeCalcModel.swift */,
				60FBA55F29E3ECD60089B4E0 /* CaliperCalcModel.swift */,
				60FBA56129E3ECF20089B4E0 /* InfoModel.swift */,
			);
			path = Model;
			sourceTree = "<group>";
		};
		60FBA54529E3E9A30089B4E0 /* View */ = {
			isa = PBXGroup;
			children = (
				60FBA50C29E3E5920089B4E0 /* Main.storyboard */,
				60FBA54729E3E9E40089B4E0 /* WeekViewController.swift */,
				60FBA54929E3EA250089B4E0 /* QuizViewController.swift */,
				60FBA54B29E3EB650089B4E0 /* SettingPopupViewController.swift */,
				60FBA54D29E3EB8F0089B4E0 /* SettingsTableViewController.swift */,
				60FBA54F29E3EBBB0089B4E0 /* WeightViewController.swift */,
				60FBA55129E3EBDA0089B4E0 /* CaliperCalculatorViewController.swift */,
				60FBA55329E3EBFF0089B4E0 /* TapeCalculatorViewController.swift */,
				60FBA55529E3EC340089B4E0 /* ResultViewController.swift */,
				60FBA55729E3EC570089B4E0 /* GraphViewController.swift */,
				60FBA55929E3EC7B0089B4E0 /* MainViewController.swift */,
				60FBA51429E3E5920089B4E0 /* LaunchScreen.storyboard */,
			);
			path = View;
			sourceTree = "<group>";
		};
		60FBA54629E3E9A90089B4E0 /* ViewModel */ = {
			isa = PBXGroup;
			children = (
				60FBA56329E3ED2C0089B4E0 /* WeeklyWeightViewModel.swift */,
				60FBA56529E3ED4A0089B4E0 /* QuizViewModel.swift */,
				60FBA56729E3ED730089B4E0 /* SettingsViewModel.swift */,
				60FBA56929E3ED8E0089B4E0 /* StorageViewModel.swift */,
				60FBA56B29E3EDA80089B4E0 /* CoreDataViewModel.swift */,
				60FBA56D29E3EDC40089B4E0 /* CalculatorViewModel.swift */,
				60FBA56F29E3EDEC0089B4E0 /* GraphViewModel.swift */,
			);
			path = ViewModel;
			sourceTree = "<group>";
		};
/* End PBXGroup section */

/* Begin PBXNativeTarget section */
		60FBA50229E3E5920089B4E0 /* LeanInsight */ = {
			isa = PBXNativeTarget;
			buildConfigurationList = 60FBA53029E3E5920089B4E0 /* Build configuration list for PBXNativeTarget "LeanInsight" */;
			buildPhases = (
				60FBA4FF29E3E5920089B4E0 /* Sources */,
				60FBA50029E3E5920089B4E0 /* Frameworks */,
				60FBA50129E3E5920089B4E0 /* Resources */,
			);
			buildRules = (
			);
			dependencies = (
			);
			name = LeanInsight;
			packageProductDependencies = (
				60FBA54229E3E7730089B4E0 /* Charts */,
			);
			productName = LeanInsight;
			productReference = 60FBA50329E3E5920089B4E0 /* LeanInsight.app */;
			productType = "com.apple.product-type.application";
		};
		60FBA51B29E3E5920089B4E0 /* LeanInsightTests */ = {
			isa = PBXNativeTarget;
			buildConfigurationList = 60FBA53329E3E5920089B4E0 /* Build configuration list for PBXNativeTarget "LeanInsightTests" */;
			buildPhases = (
				60FBA51829E3E5920089B4E0 /* Sources */,
				60FBA51929E3E5920089B4E0 /* Frameworks */,
				60FBA51A29E3E5920089B4E0 /* Resources */,
			);
			buildRules = (
			);
			dependencies = (
				60FBA51E29E3E5920089B4E0 /* PBXTargetDependency */,
			);
			name = LeanInsightTests;
			productName = LeanInsightTests;
			productReference = 60FBA51C29E3E5920089B4E0 /* LeanInsightTests.xctest */;
			productType = "com.apple.product-type.bundle.unit-test";
		};
		60FBA52529E3E5920089B4E0 /* LeanInsightUITests */ = {
			isa = PBXNativeTarget;
			buildConfigurationList = 60FBA53629E3E5920089B4E0 /* Build configuration list for PBXNativeTarget "LeanInsightUITests" */;
			buildPhases = (
				60FBA52229E3E5920089B4E0 /* Sources */,
				60FBA52329E3E5920089B4E0 /* Frameworks */,
				60FBA52429E3E5920089B4E0 /* Resources */,
			);
			buildRules = (
			);
			dependencies = (
				60FBA52829E3E5920089B4E0 /* PBXTargetDependency */,
			);
			name = LeanInsightUITests;
			productName = LeanInsightUITests;
			productReference = 60FBA52629E3E5920089B4E0 /* LeanInsightUITests.xctest */;
			productType = "com.apple.product-type.bundle.ui-testing";
		};
/* End PBXNativeTarget section */

/* Begin PBXProject section */
		60FBA4FB29E3E5920089B4E0 /* Project object */ = {
			isa = PBXProject;
			attributes = {
				BuildIndependentTargetsInParallel = 1;
				LastSwiftUpdateCheck = 1430;
				LastUpgradeCheck = 1430;
				TargetAttributes = {
					60FBA50229E3E5920089B4E0 = {
						CreatedOnToolsVersion = 14.3;
					};
					60FBA51B29E3E5920089B4E0 = {
						CreatedOnToolsVersion = 14.3;
						TestTargetID = 60FBA50229E3E5920089B4E0;
					};
					60FBA52529E3E5920089B4E0 = {
						CreatedOnToolsVersion = 14.3;
						TestTargetID = 60FBA50229E3E5920089B4E0;
					};
				};
			};
			buildConfigurationList = 60FBA4FE29E3E5920089B4E0 /* Build configuration list for PBXProject "LeanInsight" */;
			compatibilityVersion = "Xcode 14.0";
			developmentRegion = en;
			hasScannedForEncodings = 0;
			knownRegions = (
				en,
				Base,
			);
			mainGroup = 60FBA4FA29E3E5920089B4E0;
			packageReferences = (
				60FBA54129E3E7730089B4E0 /* XCRemoteSwiftPackageReference "Charts" */,
			);
			productRefGroup = 60FBA50429E3E5920089B4E0 /* Products */;
			projectDirPath = "";
			projectRoot = "";
			targets = (
				60FBA50229E3E5920089B4E0 /* LeanInsight */,
				60FBA51B29E3E5920089B4E0 /* LeanInsightTests */,
				60FBA52529E3E5920089B4E0 /* LeanInsightUITests */,
			);
		};
/* End PBXProject section */

/* Begin PBXResourcesBuildPhase section */
		60FBA50129E3E5920089B4E0 /* Resources */ = {
			isa = PBXResourcesBuildPhase;
			buildActionMask = 2147483647;
			files = (
				60FBA51629E3E5920089B4E0 /* LaunchScreen.storyboard in Resources */,
				60FBA51329E3E5920089B4E0 /* Assets.xcassets in Resources */,
				60FBA50E29E3E5920089B4E0 /* Main.storyboard in Resources */,
			);
			runOnlyForDeploymentPostprocessing = 0;
		};
		60FBA51A29E3E5920089B4E0 /* Resources */ = {
			isa = PBXResourcesBuildPhase;
			buildActionMask = 2147483647;
			files = (
			);
			runOnlyForDeploymentPostprocessing = 0;
		};
		60FBA52429E3E5920089B4E0 /* Resources */ = {
			isa = PBXResourcesBuildPhase;
			buildActionMask = 2147483647;
			files = (
			);
			runOnlyForDeploymentPostprocessing = 0;
		};
/* End PBXResourcesBuildPhase section */

/* Begin PBXSourcesBuildPhase section */
		60FBA4FF29E3E5920089B4E0 /* Sources */ = {
			isa = PBXSourcesBuildPhase;
			buildActionMask = 2147483647;
			files = (
				60FBA55C29E3ECA90089B4E0 /* Model.swift in Sources */,
				60FBA55029E3EBBB0089B4E0 /* WeightViewController.swift in Sources */,
				60FBA55229E3EBDA0089B4E0 /* CaliperCalculatorViewController.swift in Sources */,
				60FBA54829E3E9E40089B4E0 /* WeekViewController.swift in Sources */,
				60FBA50729E3E5920089B4E0 /* AppDelegate.swift in Sources */,
				60FBA57029E3EDEC0089B4E0 /* GraphViewModel.swift in Sources */,
				60FBA56429E3ED2C0089B4E0 /* WeeklyWeightViewModel.swift in Sources */,
				60FBA56A29E3ED8E0089B4E0 /* StorageViewModel.swift in Sources */,
				60FBA54A29E3EA250089B4E0 /* QuizViewController.swift in Sources */,
				60FBA54E29E3EB8F0089B4E0 /* SettingsTableViewController.swift in Sources */,
				60FBA56629E3ED4A0089B4E0 /* QuizViewModel.swift in Sources */,
				60FBA55A29E3EC7B0089B4E0 /* MainViewController.swift in Sources */,
				60FBA55829E3EC570089B4E0 /* GraphViewController.swift in Sources */,
				60FBA51129E3E5920089B4E0 /* LeanInsight.xcdatamodeld in Sources */,
				60FBA56C29E3EDA80089B4E0 /* CoreDataViewModel.swift in Sources */,
				60FBA50929E3E5920089B4E0 /* SceneDelegate.swift in Sources */,
				60FBA56029E3ECD60089B4E0 /* CaliperCalcModel.swift in Sources */,
				60FBA55E29E3ECBE0089B4E0 /* TapeCalcModel.swift in Sources */,
				60FBA56829E3ED730089B4E0 /* SettingsViewModel.swift in Sources */,
				60FBA55429E3EBFF0089B4E0 /* TapeCalculatorViewController.swift in Sources */,
				60FBA54C29E3EB650089B4E0 /* SettingPopupViewController.swift in Sources */,
				60FBA55629E3EC340089B4E0 /* ResultViewController.swift in Sources */,
				60FBA56E29E3EDC40089B4E0 /* CalculatorViewModel.swift in Sources */,
				60FBA56229E3ECF20089B4E0 /* InfoModel.swift in Sources */,
			);
			runOnlyForDeploymentPostprocessing = 0;
		};
		60FBA51829E3E5920089B4E0 /* Sources */ = {
			isa = PBXSourcesBuildPhase;
			buildActionMask = 2147483647;
			files = (
				60FBA52129E3E5920089B4E0 /* LeanInsightTests.swift in Sources */,
			);
			runOnlyForDeploymentPostprocessing = 0;
		};
		60FBA52229E3E5920089B4E0 /* Sources */ = {
			isa = PBXSourcesBuildPhase;
			buildActionMask = 2147483647;
			files = (
				60FBA52B29E3E5920089B4E0 /* LeanInsightUITests.swift in Sources */,
				60FBA52D29E3E5920089B4E0 /* LeanInsightUITestsLaunchTests.swift in Sources */,
			);
			runOnlyForDeploymentPostprocessing = 0;
		};
/* End PBXSourcesBuildPhase section */

/* Begin PBXTargetDependency section */
		60FBA51E29E3E5920089B4E0 /* PBXTargetDependency */ = {
			isa = PBXTargetDependency;
			target = 60FBA50229E3E5920089B4E0 /* LeanInsight */;
			targetProxy = 60FBA51D29E3E5920089B4E0 /* PBXContainerItemProxy */;
		};
		60FBA52829E3E5920089B4E0 /* PBXTargetDependency */ = {
			isa = PBXTargetDependency;
			target = 60FBA50229E3E5920089B4E0 /* LeanInsight */;
			targetProxy = 60FBA52729E3E5920089B4E0 /* PBXContainerItemProxy */;
		};
/* End PBXTargetDependency section */

/* Begin PBXVariantGroup section */
		60FBA50C29E3E5920089B4E0 /* Main.storyboard */ = {
			isa = PBXVariantGroup;
			children = (
				60FBA50D29E3E5920089B4E0 /* Base */,
			);
			name = Main.storyboard;
			sourceTree = "<group>";
		};
		60FBA51429E3E5920089B4E0 /* LaunchScreen.storyboard */ = {
			isa = PBXVariantGroup;
			children = (
				60FBA51529E3E5920089B4E0 /* Base */,
			);
			name = LaunchScreen.storyboard;
			sourceTree = "<group>";
		};
/* End PBXVariantGroup section */

/* Begin XCBuildConfiguration section */
		60FBA52E29E3E5920089B4E0 /* Debug */ = {
			isa = XCBuildConfiguration;
			buildSettings = {
				ALWAYS_SEARCH_USER_PATHS = NO;
				CLANG_ANALYZER_NONNULL = YES;
				CLANG_ANALYZER_NUMBER_OBJECT_CONVERSION = YES_AGGRESSIVE;
				CLANG_CXX_LANGUAGE_STANDARD = "gnu++20";
				CLANG_ENABLE_MODULES = YES;
				CLANG_ENABLE_OBJC_ARC = YES;
				CLANG_ENABLE_OBJC_WEAK = YES;
				CLANG_WARN_BLOCK_CAPTURE_AUTORELEASING = YES;
				CLANG_WARN_BOOL_CONVERSION = YES;
				CLANG_WARN_COMMA = YES;
				CLANG_WARN_CONSTANT_CONVERSION = YES;
				CLANG_WARN_DEPRECATED_OBJC_IMPLEMENTATIONS = YES;
				CLANG_WARN_DIRECT_OBJC_ISA_USAGE = YES_ERROR;
				CLANG_WARN_DOCUMENTATION_COMMENTS = YES;
				CLANG_WARN_EMPTY_BODY = YES;
				CLANG_WARN_ENUM_CONVERSION = YES;
				CLANG_WARN_INFINITE_RECURSION = YES;
				CLANG_WARN_INT_CONVERSION = YES;
				CLANG_WARN_NON_LITERAL_NULL_CONVERSION = YES;
				CLANG_WARN_OBJC_IMPLICIT_RETAIN_SELF = YES;
				CLANG_WARN_OBJC_LITERAL_CONVERSION = YES;
				CLANG_WARN_OBJC_ROOT_CLASS = YES_ERROR;
				CLANG_WARN_QUOTED_INCLUDE_IN_FRAMEWORK_HEADER = YES;
				CLANG_WARN_RANGE_LOOP_ANALYSIS = YES;
				CLANG_WARN_STRICT_PROTOTYPES = YES;
				CLANG_WARN_SUSPICIOUS_MOVE = YES;
				CLANG_WARN_UNGUARDED_AVAILABILITY = YES_AGGRESSIVE;
				CLANG_WARN_UNREACHABLE_CODE = YES;
				CLANG_WARN__DUPLICATE_METHOD_MATCH = YES;
				COPY_PHASE_STRIP = NO;
				DEBUG_INFORMATION_FORMAT = dwarf;
				ENABLE_STRICT_OBJC_MSGSEND = YES;
				ENABLE_TESTABILITY = YES;
				GCC_C_LANGUAGE_STANDARD = gnu11;
				GCC_DYNAMIC_NO_PIC = NO;
				GCC_NO_COMMON_BLOCKS = YES;
				GCC_OPTIMIZATION_LEVEL = 0;
				GCC_PREPROCESSOR_DEFINITIONS = (
					"DEBUG=1",
					"$(inherited)",
				);
				GCC_WARN_64_TO_32_BIT_CONVERSION = YES;
				GCC_WARN_ABOUT_RETURN_TYPE = YES_ERROR;
				GCC_WARN_UNDECLARED_SELECTOR = YES;
				GCC_WARN_UNINITIALIZED_AUTOS = YES_AGGRESSIVE;
				GCC_WARN_UNUSED_FUNCTION = YES;
				GCC_WARN_UNUSED_VARIABLE = YES;
				IPHONEOS_DEPLOYMENT_TARGET = 16.4;
				MTL_ENABLE_DEBUG_INFO = INCLUDE_SOURCE;
				MTL_FAST_MATH = YES;
				ONLY_ACTIVE_ARCH = YES;
				SDKROOT = iphoneos;
				SWIFT_ACTIVE_COMPILATION_CONDITIONS = DEBUG;
				SWIFT_OPTIMIZATION_LEVEL = "-Onone";
			};
			name = Debug;
		};
		60FBA52F29E3E5920089B4E0 /* Release */ = {
			isa = XCBuildConfiguration;
			buildSettings = {
				ALWAYS_SEARCH_USER_PATHS = NO;
				CLANG_ANALYZER_NONNULL = YES;
				CLANG_ANALYZER_NUMBER_OBJECT_CONVERSION = YES_AGGRESSIVE;
				CLANG_CXX_LANGUAGE_STANDARD = "gnu++20";
				CLANG_ENABLE_MODULES = YES;
				CLANG_ENABLE_OBJC_ARC = YES;
				CLANG_ENABLE_OBJC_WEAK = YES;
				CLANG_WARN_BLOCK_CAPTURE_AUTORELEASING = YES;
				CLANG_WARN_BOOL_CONVERSION = YES;
				CLANG_WARN_COMMA = YES;
				CLANG_WARN_CONSTANT_CONVERSION = YES;
				CLANG_WARN_DEPRECATED_OBJC_IMPLEMENTATIONS = YES;
				CLANG_WARN_DIRECT_OBJC_ISA_USAGE = YES_ERROR;
				CLANG_WARN_DOCUMENTATION_COMMENTS = YES;
				CLANG_WARN_EMPTY_BODY = YES;
				CLANG_WARN_ENUM_CONVERSION = YES;
				CLANG_WARN_INFINITE_RECURSION = YES;
				CLANG_WARN_INT_CONVERSION = YES;
				CLANG_WARN_NON_LITERAL_NULL_CONVERSION = YES;
				CLANG_WARN_OBJC_IMPLICIT_RETAIN_SELF = YES;
				CLANG_WARN_OBJC_LITERAL_CONVERSION = YES;
				CLANG_WARN_OBJC_ROOT_CLASS = YES_ERROR;
				CLANG_WARN_QUOTED_INCLUDE_IN_FRAMEWORK_HEADER = YES;
				CLANG_WARN_RANGE_LOOP_ANALYSIS = YES;
				CLANG_WARN_STRICT_PROTOTYPES = YES;
				CLANG_WARN_SUSPICIOUS_MOVE = YES;
				CLANG_WARN_UNGUARDED_AVAILABILITY = YES_AGGRESSIVE;
				CLANG_WARN_UNREACHABLE_CODE = YES;
				CLANG_WARN__DUPLICATE_METHOD_MATCH = YES;
				COPY_PHASE_STRIP = NO;
				DEBUG_INFORMATION_FORMAT = "dwarf-with-dsym";
				ENABLE_NS_ASSERTIONS = NO;
				ENABLE_STRICT_OBJC_MSGSEND = YES;
				GCC_C_LANGUAGE_STANDARD = gnu11;
				GCC_NO_COMMON_BLOCKS = YES;
				GCC_WARN_64_TO_32_BIT_CONVERSION = YES;
				GCC_WARN_ABOUT_RETURN_TYPE = YES_ERROR;
				GCC_WARN_UNDECLARED_SELECTOR = YES;
				GCC_WARN_UNINITIALIZED_AUTOS = YES_AGGRESSIVE;
				GCC_WARN_UNUSED_FUNCTION = YES;
				GCC_WARN_UNUSED_VARIABLE = YES;
				IPHONEOS_DEPLOYMENT_TARGET = 16.4;
				MTL_ENABLE_DEBUG_INFO = NO;
				MTL_FAST_MATH = YES;
				SDKROOT = iphoneos;
				SWIFT_COMPILATION_MODE = wholemodule;
				SWIFT_OPTIMIZATION_LEVEL = "-O";
				VALIDATE_PRODUCT = YES;
			};
			name = Release;
		};
		60FBA53129E3E5920089B4E0 /* Debug */ = {
			isa = XCBuildConfiguration;
			buildSettings = {
				ASSETCATALOG_COMPILER_APPICON_NAME = AppIcon;
				ASSETCATALOG_COMPILER_GLOBAL_ACCENT_COLOR_NAME = AccentColor;
				CODE_SIGN_STYLE = Automatic;
				CURRENT_PROJECT_VERSION = 1;
				DEVELOPMENT_TEAM = TAJ6K5RR87;
				GENERATE_INFOPLIST_FILE = YES;
				INFOPLIST_FILE = LeanInsight/Info.plist;
				INFOPLIST_KEY_UIApplicationSupportsIndirectInputEvents = YES;
				INFOPLIST_KEY_UILaunchStoryboardName = LaunchScreen;
				INFOPLIST_KEY_UIMainStoryboardFile = Main;
				INFOPLIST_KEY_UISupportedInterfaceOrientations = UIInterfaceOrientationPortrait;
				INFOPLIST_KEY_UISupportedInterfaceOrientations_iPad = "UIInterfaceOrientationLandscapeLeft UIInterfaceOrientationLandscapeRight UIInterfaceOrientationPortrait UIInterfaceOrientationPortraitUpsideDown";
				IPHONEOS_DEPLOYMENT_TARGET = 15.0;
				LD_RUNPATH_SEARCH_PATHS = (
					"$(inherited)",
					"@executable_path/Frameworks",
				);
				MARKETING_VERSION = 1.0;
				PRODUCT_BUNDLE_IDENTIFIER = co.seguev.LeanInsight;
				PRODUCT_NAME = "$(TARGET_NAME)";
				SWIFT_EMIT_LOC_STRINGS = YES;
				SWIFT_VERSION = 5.0;
				TARGETED_DEVICE_FAMILY = "1,2";
			};
			name = Debug;
		};
		60FBA53229E3E5920089B4E0 /* Release */ = {
			isa = XCBuildConfiguration;
			buildSettings = {
				ASSETCATALOG_COMPILER_APPICON_NAME = AppIcon;
				ASSETCATALOG_COMPILER_GLOBAL_ACCENT_COLOR_NAME = AccentColor;
				CODE_SIGN_STYLE = Automatic;
				CURRENT_PROJECT_VERSION = 1;
				DEVELOPMENT_TEAM = TAJ6K5RR87;
				GENERATE_INFOPLIST_FILE = YES;
				INFOPLIST_FILE = LeanInsight/Info.plist;
				INFOPLIST_KEY_UIApplicationSupportsIndirectInputEvents = YES;
				INFOPLIST_KEY_UILaunchStoryboardName = LaunchScreen;
				INFOPLIST_KEY_UIMainStoryboardFile = Main;
				INFOPLIST_KEY_UISupportedInterfaceOrientations = UIInterfaceOrientationPortrait;
				INFOPLIST_KEY_UISupportedInterfaceOrientations_iPad = "UIInterfaceOrientationLandscapeLeft UIInterfaceOrientationLandscapeRight UIInterfaceOrientationPortrait UIInterfaceOrientationPortraitUpsideDown";
				IPHONEOS_DEPLOYMENT_TARGET = 15.0;
				LD_RUNPATH_SEARCH_PATHS = (
					"$(inherited)",
					"@executable_path/Frameworks",
				);
				MARKETING_VERSION = 1.0;
				PRODUCT_BUNDLE_IDENTIFIER = co.seguev.LeanInsight;
				PRODUCT_NAME = "$(TARGET_NAME)";
				SWIFT_EMIT_LOC_STRINGS = YES;
				SWIFT_VERSION = 5.0;
				TARGETED_DEVICE_FAMILY = "1,2";
			};
			name = Release;
		};
		60FBA53429E3E5920089B4E0 /* Debug */ = {
			isa = XCBuildConfiguration;
			buildSettings = {
				ALWAYS_EMBED_SWIFT_STANDARD_LIBRARIES = YES;
				BUNDLE_LOADER = "$(TEST_HOST)";
				CODE_SIGN_STYLE = Automatic;
				CURRENT_PROJECT_VERSION = 1;
				DEVELOPMENT_TEAM = TAJ6K5RR87;
				GENERATE_INFOPLIST_FILE = YES;
				IPHONEOS_DEPLOYMENT_TARGET = 16.4;
				MARKETING_VERSION = 1.0;
				PRODUCT_BUNDLE_IDENTIFIER = co.seguev.LeanInsightTests;
				PRODUCT_NAME = "$(TARGET_NAME)";
				SWIFT_EMIT_LOC_STRINGS = NO;
				SWIFT_VERSION = 5.0;
				TARGETED_DEVICE_FAMILY = "1,2";
				TEST_HOST = "$(BUILT_PRODUCTS_DIR)/LeanInsight.app/$(BUNDLE_EXECUTABLE_FOLDER_PATH)/LeanInsight";
			};
			name = Debug;
		};
		60FBA53529E3E5920089B4E0 /* Release */ = {
			isa = XCBuildConfiguration;
			buildSettings = {
				ALWAYS_EMBED_SWIFT_STANDARD_LIBRARIES = YES;
				BUNDLE_LOADER = "$(TEST_HOST)";
				CODE_SIGN_STYLE = Automatic;
				CURRENT_PROJECT_VERSION = 1;
				DEVELOPMENT_TEAM = TAJ6K5RR87;
				GENERATE_INFOPLIST_FILE = YES;
				IPHONEOS_DEPLOYMENT_TARGET = 16.4;
				MARKETING_VERSION = 1.0;
				PRODUCT_BUNDLE_IDENTIFIER = co.seguev.LeanInsightTests;
				PRODUCT_NAME = "$(TARGET_NAME)";
				SWIFT_EMIT_LOC_STRINGS = NO;
				SWIFT_VERSION = 5.0;
				TARGETED_DEVICE_FAMILY = "1,2";
				TEST_HOST = "$(BUILT_PRODUCTS_DIR)/LeanInsight.app/$(BUNDLE_EXECUTABLE_FOLDER_PATH)/LeanInsight";
			};
			name = Release;
		};
		60FBA53729E3E5920089B4E0 /* Debug */ = {
			isa = XCBuildConfiguration;
			buildSettings = {
				ALWAYS_EMBED_SWIFT_STANDARD_LIBRARIES = YES;
				CODE_SIGN_STYLE = Automatic;
				CURRENT_PROJECT_VERSION = 1;
				DEVELOPMENT_TEAM = TAJ6K5RR87;
				GENERATE_INFOPLIST_FILE = YES;
				MARKETING_VERSION = 1.0;
				PRODUCT_BUNDLE_IDENTIFIER = co.seguev.LeanInsightUITests;
				PRODUCT_NAME = "$(TARGET_NAME)";
				SWIFT_EMIT_LOC_STRINGS = NO;
				SWIFT_VERSION = 5.0;
				TARGETED_DEVICE_FAMILY = "1,2";
				TEST_TARGET_NAME = LeanInsight;
			};
			name = Debug;
		};
		60FBA53829E3E5920089B4E0 /* Release */ = {
			isa = XCBuildConfiguration;
			buildSettings = {
				ALWAYS_EMBED_SWIFT_STANDARD_LIBRARIES = YES;
				CODE_SIGN_STYLE = Automatic;
				CURRENT_PROJECT_VERSION = 1;
				DEVELOPMENT_TEAM = TAJ6K5RR87;
				GENERATE_INFOPLIST_FILE = YES;
				MARKETING_VERSION = 1.0;
				PRODUCT_BUNDLE_IDENTIFIER = co.seguev.LeanInsightUITests;
				PRODUCT_NAME = "$(TARGET_NAME)";
				SWIFT_EMIT_LOC_STRINGS = NO;
				SWIFT_VERSION = 5.0;
				TARGETED_DEVICE_FAMILY = "1,2";
				TEST_TARGET_NAME = LeanInsight;
			};
			name = Release;
		};
/* End XCBuildConfiguration section */

/* Begin XCConfigurationList section */
		60FBA4FE29E3E5920089B4E0 /* Build configuration list for PBXProject "LeanInsight" */ = {
			isa = XCConfigurationList;
			buildConfigurations = (
				60FBA52E29E3E5920089B4E0 /* Debug */,
				60FBA52F29E3E5920089B4E0 /* Release */,
			);
			defaultConfigurationIsVisible = 0;
			defaultConfigurationName = Release;
		};
		60FBA53029E3E5920089B4E0 /* Build configuration list for PBXNativeTarget "LeanInsight" */ = {
			isa = XCConfigurationList;
			buildConfigurations = (
				60FBA53129E3E5920089B4E0 /* Debug */,
				60FBA53229E3E5920089B4E0 /* Release */,
			);
			defaultConfigurationIsVisible = 0;
			defaultConfigurationName = Release;
		};
		60FBA53329E3E5920089B4E0 /* Build configuration list for PBXNativeTarget "LeanInsightTests" */ = {
			isa = XCConfigurationList;
			buildConfigurations = (
				60FBA53429E3E5920089B4E0 /* Debug */,
				60FBA53529E3E5920089B4E0 /* Release */,
			);
			defaultConfigurationIsVisible = 0;
			defaultConfigurationName = Release;
		};
		60FBA53629E3E5920089B4E0 /* Build configuration list for PBXNativeTarget "LeanInsightUITests" */ = {
			isa = XCConfigurationList;
			buildConfigurations = (
				60FBA53729E3E5920089B4E0 /* Debug */,
				60FBA53829E3E5920089B4E0 /* Release */,
			);
			defaultConfigurationIsVisible = 0;
			defaultConfigurationName = Release;
		};
/* End XCConfigurationList section */

/* Begin XCRemoteSwiftPackageReference section */
		60FBA54129E3E7730089B4E0 /* XCRemoteSwiftPackageReference "Charts" */ = {
			isa = XCRemoteSwiftPackageReference;
			repositoryURL = "https://github.com/danielgindi/Charts.git";
			requirement = {
				kind = upToNextMajorVersion;
				minimumVersion = 4.1.0;
			};
		};
/* End XCRemoteSwiftPackageReference section */

/* Begin XCSwiftPackageProductDependency section */
		60FBA54229E3E7730089B4E0 /* Charts */ = {
			isa = XCSwiftPackageProductDependency;
			package = 60FBA54129E3E7730089B4E0 /* XCRemoteSwiftPackageReference "Charts" */;
			productName = Charts;
		};
/* End XCSwiftPackageProductDependency section */

/* Begin XCVersionGroup section */
		60FBA50F29E3E5920089B4E0 /* LeanInsight.xcdatamodeld */ = {
			isa = XCVersionGroup;
			children = (
				60FBA51029E3E5920089B4E0 /* LeanInsight.xcdatamodel */,
			);
			currentVersion = 60FBA51029E3E5920089B4E0 /* LeanInsight.xcdatamodel */;
			path = LeanInsight.xcdatamodeld;
			sourceTree = "<group>";
			versionGroupType = wrapper.xcdatamodel;
		};
/* End XCVersionGroup section */
	};
	rootObject = 60FBA4FB29E3E5920089B4E0 /* Project object */;
}
